
Microsoft Visual Studio Solution File, Format Version 12.00
# Visual Studio Version 17
VisualStudioVersion = 17.11.35303.130
MinimumVisualStudioVersion = 10.0.40219.1
Project("{9A19103F-16F7-4668-BE54-9A1E7A4F7556}") = "GUI", "CoffeeStoreManagement\GUI.csproj", "{19984993-9EAA-4B02-93CC-FFA4FD6A45C3}"
EndProject
Project("{9A19103F-16F7-4668-BE54-9A1E7A4F7556}") = "BUS", "BUS\BUS.csproj", "{D45E1C36-C4F7-4079-BE34-EDF008E41F8D}"
EndProject
Project("{9A19103F-16F7-4668-BE54-9A1E7A4F7556}") = "DAL", "DAL\DAL.csproj", "{60E21FA4-90FF-4F78-B89F-525507C1BED5}"
EndProject
Project("{9A19103F-16F7-4668-BE54-9A1E7A4F7556}") = "DTO", "DTO\DTO.csproj", "{A1FD8E29-E6C8-48F2-802C-68B2475371F1}"
EndProject
Project("{2150E333-8FDC-42A3-9474-1A3956D46DE8}") = "database", "database", "{B4E35598-67BF-414D-9CFE-EC7B4BA73D17}"
	ProjectSection(SolutionItems) = preProject
		..\..\..\Desktop\PiStoreManagement.sql = ..\..\..\Desktop\PiStoreManagement.sql
	EndProjectSection
EndProject
Project("{2150E333-8FDC-42A3-9474-1A3956D46DE8}") = "assets", "assets", "{3EBEA8C9-DA08-4C48-B348-8881FB07960A}"
	ProjectSection(SolutionItems) = preProject
		..\..\..\..\exit.png = ..\..\..\..\exit.png
		..\..\..\..\logout.png = ..\..\..\..\logout.png
		..\..\..\..\Pi Store.png = ..\..\..\..\Pi Store.png
		..\..\..\..\user.png = ..\..\..\..\user.png
	EndProjectSection
EndProject
Global
	GlobalSection(SolutionConfigurationPlatforms) = preSolution
		Debug|Any CPU = Debug|Any CPU
		Release|Any CPU = Release|Any CPU
	EndGlobalSection
	GlobalSection(ProjectConfigurationPlatforms) = postSolution
		{19984993-9EAA-4B02-93CC-FFA4FD6A45C3}.Debug|Any CPU.ActiveCfg = Debug|Any CPU
		{19984993-9EAA-4B02-93CC-FFA4FD6A45C3}.Debug|Any CPU.Build.0 = Debug|Any CPU
		{19984993-9EAA-4B02-93CC-FFA4FD6A45C3}.Release|Any CPU.ActiveCfg = Release|Any CPU
		{19984993-9EAA-4B02-93CC-FFA4FD6A45C3}.Release|Any CPU.Build.0 = Release|Any CPU
		{D45E1C36-C4F7-4079-BE34-EDF008E41F8D}.Debug|Any CPU.ActiveCfg = Debug|Any CPU
		{D45E1C36-C4F7-4079-BE34-EDF008E41F8D}.Debug|Any CPU.Build.0 = Debug|Any CPU
		{D45E1C36-C4F7-4079-BE34-EDF008E41F8D}.Release|Any CPU.ActiveCfg = Release|Any CPU
		{D45E1C36-C4F7-4079-BE34-EDF008E41F8D}.Release|Any CPU.Build.0 = Release|Any CPU
		{60E21FA4-90FF-4F78-B89F-525507C1BED5}.Debug|Any CPU.ActiveCfg = Debug|Any CPU
		{60E21FA4-90FF-4F78-B89F-525507C1BED5}.Debug|Any CPU.Build.0 = Debug|Any CPU
		{60E21FA4-90FF-4F78-B89F-525507C1BED5}.Release|Any CPU.ActiveCfg = Release|Any CPU
		{60E21FA4-90FF-4F78-B89F-525507C1BED5}.Release|Any CPU.Build.0 = Release|Any CPU
		{A1FD8E29-E6C8-48F2-802C-68B2475371F1}.Debug|Any CPU.ActiveCfg = Debug|Any CPU
		{A1FD8E29-E6C8-48F2-802C-68B2475371F1}.Debug|Any CPU.Build.0 = Debug|Any CPU
		{A1FD8E29-E6C8-48F2-802C-68B2475371F1}.Release|Any CPU.ActiveCfg = Release|Any CPU
		{A1FD8E29-E6C8-48F2-802C-68B2475371F1}.Release|Any CPU.Build.0 = Release|Any CPU
	EndGlobalSection
	GlobalSection(SolutionProperties) = preSolution
		HideSolutionNode = FALSE
	EndGlobalSection
	GlobalSection(ExtensibilityGlobals) = postSolution
		SolutionGuid = {8CF06381-FDC6-4C06-9160-C54516DBEE51}
	EndGlobalSection
EndGlobal
